
Microsoft Visual Studio Solution File, Format Version 12.00
# Visual Studio 15
VisualStudioVersion = 15.0.27428.2037
MinimumVisualStudioVersion = 10.0.40219.1
Project("{FAE04EC0-301F-11D3-BF4B-00C04F79EFBC}") = "BrokenMediator", "BrokenMediator.csproj", "{391FC37D-437E-47C1-8C96-05CDC58AB9DF}"
EndProject
Project("{2150E333-8FDC-42A3-9474-1A3956D46DE8}") = "Solution Items", "Solution Items", "{6FBDACD8-7628-4A68-A7F0-5B72571FC602}"
	ProjectSection(SolutionItems) = preProject
		.gitignore = .gitignore
		README.md = README.md
	EndProjectSection
EndProject
Global
	GlobalSection(SolutionConfigurationPlatforms) = preSolution
		Debug|Any CPU = Debug|Any CPU
		Release|Any CPU = Release|Any CPU
	EndGlobalSection
	GlobalSection(ProjectConfigurationPlatforms) = postSolution
		{391FC37D-437E-47C1-8C96-05CDC58AB9DF}.Debug|Any CPU.ActiveCfg = Debug|Any CPU
		{391FC37D-437E-47C1-8C96-05CDC58AB9DF}.Debug|Any CPU.Build.0 = Debug|Any CPU
		{391FC37D-437E-47C1-8C96-05CDC58AB9DF}.Release|Any CPU.ActiveCfg = Release|Any CPU
		{391FC37D-437E-47C1-8C96-05CDC58AB9DF}.Release|Any CPU.Build.0 = Release|Any CPU
	EndGlobalSection
	GlobalSection(SolutionProperties) = preSolution
		HideSolutionNode = FALSE
	EndGlobalSection
	GlobalSection(ExtensibilityGlobals) = postSolution
		SolutionGuid = {F001476F-3439-45CA-AD61-962F046D86DB}
	EndGlobalSection
EndGlobal
